
Microsoft Visual Studio Solution File, Format Version 12.00
# Visual Studio Version 16
VisualStudioVersion = 16.0.29306.81
MinimumVisualStudioVersion = 10.0.40219.1
Project("{FAE04EC0-301F-11D3-BF4B-00C04F79EFBC}") = "Schleifen3", "Schleifen3.csproj", "{BB98F449-FD0B-4B3D-87CA-8AEA84C06C38}"
EndProject
Global
	GlobalSection(SolutionConfigurationPlatforms) = preSolution
		Debug|Any CPU = Debug|Any CPU
		Release|Any CPU = Release|Any CPU
	EndGlobalSection
	GlobalSection(ProjectConfigurationPlatforms) = postSolution
		{BB98F449-FD0B-4B3D-87CA-8AEA84C06C38}.Debug|Any CPU.ActiveCfg = Debug|Any CPU
		{BB98F449-FD0B-4B3D-87CA-8AEA84C06C38}.Debug|Any CPU.Build.0 = Debug|Any CPU
		{BB98F449-FD0B-4B3D-87CA-8AEA84C06C38}.Release|Any CPU.ActiveCfg = Release|Any CPU
		{BB98F449-FD0B-4B3D-87CA-8AEA84C06C38}.Release|Any CPU.Build.0 = Release|Any CPU
	EndGlobalSection
	GlobalSection(SolutionProperties) = preSolution
		HideSolutionNode = FALSE
	EndGlobalSection
	GlobalSection(ExtensibilityGlobals) = postSolution
		SolutionGuid = {E3B32C6C-2567-4917-AD58-D48DE36287CB}
	EndGlobalSection
EndGlobal
